
Microsoft Visual Studio Solution File, Format Version 12.00
# Visual Studio Version 16
VisualStudioVersion = 16.0.31829.152
MinimumVisualStudioVersion = 10.0.40219.1
Project("{FAE04EC0-301F-11D3-BF4B-00C04F79EFBC}") = "UserApi", "UserApi\UserApi.csproj", "{CA27DD7B-5992-43C1-BF43-2F8D865179FB}"
EndProject
Global
	GlobalSection(SolutionConfigurationPlatforms) = preSolution
		Debug|Any CPU = Debug|Any CPU
		Release|Any CPU = Release|Any CPU
	EndGlobalSection
	GlobalSection(ProjectConfigurationPlatforms) = postSolution
		{CA27DD7B-5992-43C1-BF43-2F8D865179FB}.Debug|Any CPU.ActiveCfg = Debug|Any CPU
		{CA27DD7B-5992-43C1-BF43-2F8D865179FB}.Debug|Any CPU.Build.0 = Debug|Any CPU
		{CA27DD7B-5992-43C1-BF43-2F8D865179FB}.Release|Any CPU.ActiveCfg = Release|Any CPU
		{CA27DD7B-5992-43C1-BF43-2F8D865179FB}.Release|Any CPU.Build.0 = Release|Any CPU
	EndGlobalSection
	GlobalSection(SolutionProperties) = preSolution
		HideSolutionNode = FALSE
	EndGlobalSection
	GlobalSection(ExtensibilityGlobals) = postSolution
		SolutionGuid = {49384921-6452-43D2-8890-F29358763FDA}
	EndGlobalSection
EndGlobal
